// !$*UTF8*$!
{
	archiveVersion = 1;
	classes = {
	};
	objectVersion = 56;
	objects = {

/* Begin PBXBuildFile section */
		1B368FC72C3AF07600597DF6 /* Fonts.swift in Sources */ = {isa = PBXBuildFile; fileRef = 1B368FC62C3AF07600597DF6 /* Fonts.swift */; };
		1BF3820D2C3168680012A40C /* WB_seniorApp.swift in Sources */ = {isa = PBXBuildFile; fileRef = 1BF3820C2C3168680012A40C /* WB_seniorApp.swift */; };
		1BF3820F2C3168680012A40C /* ContentView.swift in Sources */ = {isa = PBXBuildFile; fileRef = 1BF3820E2C3168680012A40C /* ContentView.swift */; };
		1BF382112C3168690012A40C /* Assets.xcassets in Resources */ = {isa = PBXBuildFile; fileRef = 1BF382102C3168690012A40C /* Assets.xcassets */; };
		1BF382142C3168690012A40C /* Preview Assets.xcassets in Resources */ = {isa = PBXBuildFile; fileRef = 1BF382132C3168690012A40C /* Preview Assets.xcassets */; };
		1BF3821B2C316A920012A40C /* EnterCodeScreen.swift in Sources */ = {isa = PBXBuildFile; fileRef = 1BF3821A2C316A920012A40C /* EnterCodeScreen.swift */; };
		1BF3821D2C3170290012A40C /* BackgroundView.swift in Sources */ = {isa = PBXBuildFile; fileRef = 1BF3821C2C3170290012A40C /* BackgroundView.swift */; };
		1BF3821F2C3172110012A40C /* MediumSatisfactionView.swift in Sources */ = {isa = PBXBuildFile; fileRef = 1BF3821E2C3172110012A40C /* MediumSatisfactionView.swift */; };
		1BF382212C3177560012A40C /* Montserrat-Black.ttf in Resources */ = {isa = PBXBuildFile; fileRef = 1BF382202C3177560012A40C /* Montserrat-Black.ttf */; };
		1BF382262C3185B50012A40C /* Montserrat-Regular.ttf in Resources */ = {isa = PBXBuildFile; fileRef = 1BF382252C3185B50012A40C /* Montserrat-Regular.ttf */; };
		1BF382292C3188E30012A40C /* CustomButton.swift in Sources */ = {isa = PBXBuildFile; fileRef = 1BF382282C3188E30012A40C /* CustomButton.swift */; };
		1BF3822B2C3189E30012A40C /* Montserrat-Medium.ttf in Resources */ = {isa = PBXBuildFile; fileRef = 1BF3822A2C3189E30012A40C /* Montserrat-Medium.ttf */; };
		1BF3822D2C318D6B0012A40C /* OTPTextFieldModifier.swift in Sources */ = {isa = PBXBuildFile; fileRef = 1BF3822C2C318D6B0012A40C /* OTPTextFieldModifier.swift */; };
/* End PBXBuildFile section */

/* Begin PBXFileReference section */
		1B368FC62C3AF07600597DF6 /* Fonts.swift */ = {isa = PBXFileReference; lastKnownFileType = sourcecode.swift; path = Fonts.swift; sourceTree = "<group>"; };
		1BF382092C3168680012A40C /* WB-senior.app */ = {isa = PBXFileReference; explicitFileType = wrapper.application; includeInIndex = 0; path = "WB-senior.app"; sourceTree = BUILT_PRODUCTS_DIR; };
		1BF3820C2C3168680012A40C /* WB_seniorApp.swift */ = {isa = PBXFileReference; lastKnownFileType = sourcecode.swift; path = WB_seniorApp.swift; sourceTree = "<group>"; };
		1BF3820E2C3168680012A40C /* ContentView.swift */ = {isa = PBXFileReference; lastKnownFileType = sourcecode.swift; path = ContentView.swift; sourceTree = "<group>"; };
		1BF382102C3168690012A40C /* Assets.xcassets */ = {isa = PBXFileReference; lastKnownFileType = folder.assetcatalog; path = Assets.xcassets; sourceTree = "<group>"; };
		1BF382132C3168690012A40C /* Preview Assets.xcassets */ = {isa = PBXFileReference; lastKnownFileType = folder.assetcatalog; path = "Preview Assets.xcassets"; sourceTree = "<group>"; };
		1BF3821A2C316A920012A40C /* EnterCodeScreen.swift */ = {isa = PBXFileReference; lastKnownFileType = sourcecode.swift; path = EnterCodeScreen.swift; sourceTree = "<group>"; };
		1BF3821C2C3170290012A40C /* BackgroundView.swift */ = {isa = PBXFileReference; lastKnownFileType = sourcecode.swift; path = BackgroundView.swift; sourceTree = "<group>"; };
		1BF3821E2C3172110012A40C /* MediumSatisfactionView.swift */ = {isa = PBXFileReference; lastKnownFileType = sourcecode.swift; path = MediumSatisfactionView.swift; sourceTree = "<group>"; };
		1BF382202C3177560012A40C /* Montserrat-Black.ttf */ = {isa = PBXFileReference; lastKnownFileType = file; path = "Montserrat-Black.ttf"; sourceTree = "<group>"; };
		1BF382222C31778F0012A40C /* Info.plist */ = {isa = PBXFileReference; lastKnownFileType = text.plist; path = Info.plist; sourceTree = "<group>"; };
		1BF382252C3185B50012A40C /* Montserrat-Regular.ttf */ = {isa = PBXFileReference; lastKnownFileType = file; path = "Montserrat-Regular.ttf"; sourceTree = "<group>"; };
		1BF382282C3188E30012A40C /* CustomButton.swift */ = {isa = PBXFileReference; lastKnownFileType = sourcecode.swift; path = CustomButton.swift; sourceTree = "<group>"; };
		1BF3822A2C3189E30012A40C /* Montserrat-Medium.ttf */ = {isa = PBXFileReference; lastKnownFileType = file; path = "Montserrat-Medium.ttf"; sourceTree = "<group>"; };
		1BF3822C2C318D6B0012A40C /* OTPTextFieldModifier.swift */ = {isa = PBXFileReference; lastKnownFileType = sourcecode.swift; path = OTPTextFieldModifier.swift; sourceTree = "<group>"; };
/* End PBXFileReference section */

/* Begin PBXFrameworksBuildPhase section */
		1BF382062C3168680012A40C /* Frameworks */ = {
			isa = PBXFrameworksBuildPhase;
			buildActionMask = 2147483647;
			files = (
			);
			runOnlyForDeploymentPostprocessing = 0;
		};
/* End PBXFrameworksBuildPhase section */

/* Begin PBXGroup section */
		1BF382002C3168680012A40C = {
			isa = PBXGroup;
			children = (
				1BF3820B2C3168680012A40C /* WB-senior */,
				1BF3820A2C3168680012A40C /* Products */,
			);
			sourceTree = "<group>";
		};
		1BF3820A2C3168680012A40C /* Products */ = {
			isa = PBXGroup;
			children = (
				1BF382092C3168680012A40C /* WB-senior.app */,
			);
			name = Products;
			sourceTree = "<group>";
		};
		1BF3820B2C3168680012A40C /* WB-senior */ = {
			isa = PBXGroup;
			children = (
				1BF382272C3185C10012A40C /* Fonts */,
				1BF382222C31778F0012A40C /* Info.plist */,
				1BF3820C2C3168680012A40C /* WB_seniorApp.swift */,
				1BF3820E2C3168680012A40C /* ContentView.swift */,
				1BF382102C3168690012A40C /* Assets.xcassets */,
				1BF382122C3168690012A40C /* Preview Content */,
				1BF3821A2C316A920012A40C /* EnterCodeScreen.swift */,
				1BF3822C2C318D6B0012A40C /* OTPTextFieldModifier.swift */,
				1BF382282C3188E30012A40C /* CustomButton.swift */,
				1BF3821E2C3172110012A40C /* MediumSatisfactionView.swift */,
				1BF3821C2C3170290012A40C /* BackgroundView.swift */,
			);
			path = "WB-senior";
			sourceTree = "<group>";
		};
		1BF382122C3168690012A40C /* Preview Content */ = {
			isa = PBXGroup;
			children = (
				1BF382132C3168690012A40C /* Preview Assets.xcassets */,
			);
			path = "Preview Content";
			sourceTree = "<group>";
		};
		1BF382272C3185C10012A40C /* Fonts */ = {
			isa = PBXGroup;
			children = (
				1B368FC62C3AF07600597DF6 /* Fonts.swift */,
				1BF3822A2C3189E30012A40C /* Montserrat-Medium.ttf */,
				1BF382252C3185B50012A40C /* Montserrat-Regular.ttf */,
				1BF382202C3177560012A40C /* Montserrat-Black.ttf */,
			);
			path = Fonts;
			sourceTree = "<group>";
		};
/* End PBXGroup section */

/* Begin PBXNativeTarget section */
		1BF382082C3168680012A40C /* WB-senior */ = {
			isa = PBXNativeTarget;
			buildConfigurationList = 1BF382172C3168690012A40C /* Build configuration list for PBXNativeTarget "WB-senior" */;
			buildPhases = (
				1BF382052C3168680012A40C /* Sources */,
				1BF382062C3168680012A40C /* Frameworks */,
				1BF382072C3168680012A40C /* Resources */,
			);
			buildRules = (
			);
			dependencies = (
			);
			name = "WB-senior";
			productName = "WB-senior";
			productReference = 1BF382092C3168680012A40C /* WB-senior.app */;
			productType = "com.apple.product-type.application";
		};
/* End PBXNativeTarget section */

/* Begin PBXProject section */
		1BF382012C3168680012A40C /* Project object */ = {
			isa = PBXProject;
			attributes = {
				BuildIndependentTargetsInParallel = 1;
				LastSwiftUpdateCheck = 1500;
				LastUpgradeCheck = 1500;
				TargetAttributes = {
					1BF382082C3168680012A40C = {
						CreatedOnToolsVersion = 15.0.1;
					};
				};
			};
			buildConfigurationList = 1BF382042C3168680012A40C /* Build configuration list for PBXProject "WB-senior" */;
			compatibilityVersion = "Xcode 14.0";
			developmentRegion = en;
			hasScannedForEncodings = 0;
			knownRegions = (
				en,
				Base,
			);
			mainGroup = 1BF382002C3168680012A40C;
			productRefGroup = 1BF3820A2C3168680012A40C /* Products */;
			projectDirPath = "";
			projectRoot = "";
			targets = (
				1BF382082C3168680012A40C /* WB-senior */,
			);
		};
/* End PBXProject section */

/* Begin PBXResourcesBuildPhase section */
		1BF382072C3168680012A40C /* Resources */ = {
			isa = PBXResourcesBuildPhase;
			buildActionMask = 2147483647;
			files = (
				1BF382262C3185B50012A40C /* Montserrat-Regular.ttf in Resources */,
				1BF3822B2C3189E30012A40C /* Montserrat-Medium.ttf in Resources */,
				1BF382142C3168690012A40C /* Preview Assets.xcassets in Resources */,
				1BF382112C3168690012A40C /* Assets.xcassets in Resources */,
				1BF382212C3177560012A40C /* Montserrat-Black.ttf in Resources */,
			);
			runOnlyForDeploymentPostprocessing = 0;
		};
/* End PBXResourcesBuildPhase section */

/* Begin PBXSourcesBuildPhase section */
		1BF382052C3168680012A40C /* Sources */ = {
			isa = PBXSourcesBuildPhase;
			buildActionMask = 2147483647;
			files = (
				1B368FC72C3AF07600597DF6 /* Fonts.swift in Sources */,
				1BF3820F2C3168680012A40C /* ContentView.swift in Sources */,
				1BF3820D2C3168680012A40C /* WB_seniorApp.swift in Sources */,
				1BF382292C3188E30012A40C /* CustomButton.swift in Sources */,
				1BF3821D2C3170290012A40C /* BackgroundView.swift in Sources */,
				1BF3821B2C316A920012A40C /* EnterCodeScreen.swift in Sources */,
				1BF3822D2C318D6B0012A40C /* OTPTextFieldModifier.swift in Sources */,
				1BF3821F2C3172110012A40C /* MediumSatisfactionView.swift in Sources */,
			);
			runOnlyForDeploymentPostprocessing = 0;
		};
/* End PBXSourcesBuildPhase section */

/* Begin XCBuildConfiguration section */
		1BF382152C3168690012A40C /* Debug */ = {
			isa = XCBuildConfiguration;
			buildSettings = {
				ALWAYS_SEARCH_USER_PATHS = NO;
				ASSETCATALOG_COMPILER_GENERATE_SWIFT_ASSET_SYMBOL_EXTENSIONS = YES;
				CLANG_ANALYZER_NONNULL = YES;
				CLANG_ANALYZER_NUMBER_OBJECT_CONVERSION = YES_AGGRESSIVE;
				CLANG_CXX_LANGUAGE_STANDARD = "gnu++20";
				CLANG_ENABLE_MODULES = YES;
				CLANG_ENABLE_OBJC_ARC = YES;
				CLANG_ENABLE_OBJC_WEAK = YES;
				CLANG_WARN_BLOCK_CAPTURE_AUTORELEASING = YES;
				CLANG_WARN_BOOL_CONVERSION = YES;
				CLANG_WARN_COMMA = YES;
				CLANG_WARN_CONSTANT_CONVERSION = YES;
				CLANG_WARN_DEPRECATED_OBJC_IMPLEMENTATIONS = YES;
				CLANG_WARN_DIRECT_OBJC_ISA_USAGE = YES_ERROR;
				CLANG_WARN_DOCUMENTATION_COMMENTS = YES;
				CLANG_WARN_EMPTY_BODY = YES;
				CLANG_WARN_ENUM_CONVERSION = YES;
				CLANG_WARN_INFINITE_RECURSION = YES;
				CLANG_WARN_INT_CONVERSION = YES;
				CLANG_WARN_NON_LITERAL_NULL_CONVERSION = YES;
				CLANG_WARN_OBJC_IMPLICIT_RETAIN_SELF = YES;
				CLANG_WARN_OBJC_LITERAL_CONVERSION = YES;
				CLANG_WARN_OBJC_ROOT_CLASS = YES_ERROR;
				CLANG_WARN_QUOTED_INCLUDE_IN_FRAMEWORK_HEADER = YES;
				CLANG_WARN_RANGE_LOOP_ANALYSIS = YES;
				CLANG_WARN_STRICT_PROTOTYPES = YES;
				CLANG_WARN_SUSPICIOUS_MOVE = YES;
				CLANG_WARN_UNGUARDED_AVAILABILITY = YES_AGGRESSIVE;
				CLANG_WARN_UNREACHABLE_CODE = YES;
				CLANG_WARN__DUPLICATE_METHOD_MATCH = YES;
				COPY_PHASE_STRIP = NO;
				DEBUG_INFORMATION_FORMAT = dwarf;
				ENABLE_STRICT_OBJC_MSGSEND = YES;
				ENABLE_TESTABILITY = YES;
				ENABLE_USER_SCRIPT_SANDBOXING = YES;
				GCC_C_LANGUAGE_STANDARD = gnu17;
				GCC_DYNAMIC_NO_PIC = NO;
				GCC_NO_COMMON_BLOCKS = YES;
				GCC_OPTIMIZATION_LEVEL = 0;
				GCC_PREPROCESSOR_DEFINITIONS = (
					"DEBUG=1",
					"$(inherited)",
				);
				GCC_WARN_64_TO_32_BIT_CONVERSION = YES;
				GCC_WARN_ABOUT_RETURN_TYPE = YES_ERROR;
				GCC_WARN_UNDECLARED_SELECTOR = YES;
				GCC_WARN_UNINITIALIZED_AUTOS = YES_AGGRESSIVE;
				GCC_WARN_UNUSED_FUNCTION = YES;
				GCC_WARN_UNUSED_VARIABLE = YES;
				IPHONEOS_DEPLOYMENT_TARGET = 16;
				LOCALIZATION_PREFERS_STRING_CATALOGS = YES;
				MTL_ENABLE_DEBUG_INFO = INCLUDE_SOURCE;
				MTL_FAST_MATH = YES;
				ONLY_ACTIVE_ARCH = YES;
				SDKROOT = iphoneos;
				SWIFT_ACTIVE_COMPILATION_CONDITIONS = "DEBUG $(inherited)";
				SWIFT_OPTIMIZATION_LEVEL = "-Onone";
			};
			name = Debug;
		};
		1BF382162C3168690012A40C /* Release */ = {
			isa = XCBuildConfiguration;
			buildSettings = {
				ALWAYS_SEARCH_USER_PATHS = NO;
				ASSETCATALOG_COMPILER_GENERATE_SWIFT_ASSET_SYMBOL_EXTENSIONS = YES;
				CLANG_ANALYZER_NONNULL = YES;
				CLANG_ANALYZER_NUMBER_OBJECT_CONVERSION = YES_AGGRESSIVE;
				CLANG_CXX_LANGUAGE_STANDARD = "gnu++20";
				CLANG_ENABLE_MODULES = YES;
				CLANG_ENABLE_OBJC_ARC = YES;
				CLANG_ENABLE_OBJC_WEAK = YES;
				CLANG_WARN_BLOCK_CAPTURE_AUTORELEASING = YES;
				CLANG_WARN_BOOL_CONVERSION = YES;
				CLANG_WARN_COMMA = YES;
				CLANG_WARN_CONSTANT_CONVERSION = YES;
				CLANG_WARN_DEPRECATED_OBJC_IMPLEMENTATIONS = YES;
				CLANG_WARN_DIRECT_OBJC_ISA_USAGE = YES_ERROR;
				CLANG_WARN_DOCUMENTATION_COMMENTS = YES;
				CLANG_WARN_EMPTY_BODY = YES;
				CLANG_WARN_ENUM_CONVERSION = YES;
				CLANG_WARN_INFINITE_RECURSION = YES;
				CLANG_WARN_INT_CONVERSION = YES;
				CLANG_WARN_NON_LITERAL_NULL_CONVERSION = YES;
				CLANG_WARN_OBJC_IMPLICIT_RETAIN_SELF = YES;
				CLANG_WARN_OBJC_LITERAL_CONVERSION = YES;
				CLANG_WARN_OBJC_ROOT_CLASS = YES_ERROR;
				CLANG_WARN_QUOTED_INCLUDE_IN_FRAMEWORK_HEADER = YES;
				CLANG_WARN_RANGE_LOOP_ANALYSIS = YES;
				CLANG_WARN_STRICT_PROTOTYPES = YES;
				CLANG_WARN_SUSPICIOUS_MOVE = YES;
				CLANG_WARN_UNGUARDED_AVAILABILITY = YES_AGGRESSIVE;
				CLANG_WARN_UNREACHABLE_CODE = YES;
				CLANG_WARN__DUPLICATE_METHOD_MATCH = YES;
				COPY_PHASE_STRIP = NO;
				DEBUG_INFORMATION_FORMAT = "dwarf-with-dsym";
				ENABLE_NS_ASSERTIONS = NO;
				ENABLE_STRICT_OBJC_MSGSEND = YES;
				ENABLE_USER_SCRIPT_SANDBOXING = YES;
				GCC_C_LANGUAGE_STANDARD = gnu17;
				GCC_NO_COMMON_BLOCKS = YES;
				GCC_WARN_64_TO_32_BIT_CONVERSION = YES;
				GCC_WARN_ABOUT_RETURN_TYPE = YES_ERROR;
				GCC_WARN_UNDECLARED_SELECTOR = YES;
				GCC_WARN_UNINITIALIZED_AUTOS = YES_AGGRESSIVE;
				GCC_WARN_UNUSED_FUNCTION = YES;
				GCC_WARN_UNUSED_VARIABLE = YES;
				IPHONEOS_DEPLOYMENT_TARGET = 16;
				LOCALIZATION_PREFERS_STRING_CATALOGS = YES;
				MTL_ENABLE_DEBUG_INFO = NO;
				MTL_FAST_MATH = YES;
				SDKROOT = iphoneos;
				SWIFT_COMPILATION_MODE = wholemodule;
				VALIDATE_PRODUCT = YES;
			};
			name = Release;
		};
		1BF382182C3168690012A40C /* Debug */ = {
			isa = XCBuildConfiguration;
			buildSettings = {
				ASSETCATALOG_COMPILER_APPICON_NAME = AppIcon;
				ASSETCATALOG_COMPILER_GLOBAL_ACCENT_COLOR_NAME = AccentColor;
				CODE_SIGN_STYLE = Automatic;
				CURRENT_PROJECT_VERSION = 1;
				DEVELOPMENT_ASSET_PATHS = "\"WB-senior/Preview Content\"";
				DEVELOPMENT_TEAM = 4A6Q5M35JJ;
				ENABLE_PREVIEWS = YES;
				GENERATE_INFOPLIST_FILE = YES;
				INFOPLIST_FILE = "WB-senior/Info.plist";
				INFOPLIST_KEY_UIApplicationSceneManifest_Generation = YES;
				INFOPLIST_KEY_UIApplicationSupportsIndirectInputEvents = YES;
				INFOPLIST_KEY_UILaunchScreen_Generation = YES;
				INFOPLIST_KEY_UISupportedInterfaceOrientations_iPad = "UIInterfaceOrientationPortrait UIInterfaceOrientationPortraitUpsideDown UIInterfaceOrientationLandscapeLeft UIInterfaceOrientationLandscapeRight";
				INFOPLIST_KEY_UISupportedInterfaceOrientations_iPhone = "UIInterfaceOrientationPortrait UIInterfaceOrientationLandscapeLeft UIInterfaceOrientationLandscapeRight";
				LD_RUNPATH_SEARCH_PATHS = (
					"$(inherited)",
					"@executable_path/Frameworks",
				);
				MARKETING_VERSION = 1.0;
				PRODUCT_BUNDLE_IDENTIFIER = "maksim.WB-senior";
				PRODUCT_NAME = "$(TARGET_NAME)";
				SWIFT_EMIT_LOC_STRINGS = YES;
				SWIFT_VERSION = 5.0;
				TARGETED_DEVICE_FAMILY = "1,2";
			};
			name = Debug;
		};
		1BF382192C3168690012A40C /* Release */ = {
			isa = XCBuildConfiguration;
			buildSettings = {
				ASSETCATALOG_COMPILER_APPICON_NAME = AppIcon;
				ASSETCATALOG_COMPILER_GLOBAL_ACCENT_COLOR_NAME = AccentColor;
				CODE_SIGN_STYLE = Automatic;
				CURRENT_PROJECT_VERSION = 1;
				DEVELOPMENT_ASSET_PATHS = "\"WB-senior/Preview Content\"";
				DEVELOPMENT_TEAM = 4A6Q5M35JJ;
				ENABLE_PREVIEWS = YES;
				GENERATE_INFOPLIST_FILE = YES;
				INFOPLIST_FILE = "WB-senior/Info.plist";
				INFOPLIST_KEY_UIApplicationSceneManifest_Generation = YES;
				INFOPLIST_KEY_UIApplicationSupportsIndirectInputEvents = YES;
				INFOPLIST_KEY_UILaunchScreen_Generation = YES;
				INFOPLIST_KEY_UISupportedInterfaceOrientations_iPad = "UIInterfaceOrientationPortrait UIInterfaceOrientationPortraitUpsideDown UIInterfaceOrientationLandscapeLeft UIInterfaceOrientationLandscapeRight";
				INFOPLIST_KEY_UISupportedInterfaceOrientations_iPhone = "UIInterfaceOrientationPortrait UIInterfaceOrientationLandscapeLeft UIInterfaceOrientationLandscapeRight";
				LD_RUNPATH_SEARCH_PATHS = (
					"$(inherited)",
					"@executable_path/Frameworks",
				);
				MARKETING_VERSION = 1.0;
				PRODUCT_BUNDLE_IDENTIFIER = "maksim.WB-senior";
				PRODUCT_NAME = "$(TARGET_NAME)";
				SWIFT_EMIT_LOC_STRINGS = YES;
				SWIFT_VERSION = 5.0;
				TARGETED_DEVICE_FAMILY = "1,2";
			};
			name = Release;
		};
/* End XCBuildConfiguration section */

/* Begin XCConfigurationList section */
		1BF382042C3168680012A40C /* Build configuration list for PBXProject "WB-senior" */ = {
			isa = XCConfigurationList;
			buildConfigurations = (
				1BF382152C3168690012A40C /* Debug */,
				1BF382162C3168690012A40C /* Release */,
			);
			defaultConfigurationIsVisible = 0;
			defaultConfigurationName = Release;
		};
		1BF382172C3168690012A40C /* Build configuration list for PBXNativeTarget "WB-senior" */ = {
			isa = XCConfigurationList;
			buildConfigurations = (
				1BF382182C3168690012A40C /* Debug */,
				1BF382192C3168690012A40C /* Release */,
			);
			defaultConfigurationIsVisible = 0;
			defaultConfigurationName = Release;
		};
/* End XCConfigurationList section */
	};
	rootObject = 1BF382012C3168680012A40C /* Project object */;
}
